{
  "requires": true,
  "lockfileVersion": 1,
  "dependencies": {
    "gl-matrix": {
      "version": "3.4.3",
      "resolved": "https://registry.npmjs.org/gl-matrix/-/gl-matrix-3.4.3.tgz",
      "integrity": "sha512-wcCp8vu8FT22BnvKVPjXa/ICBWRq/zjFfdofZy1WSpQZpphblv12/bOQLBC1rMM7SGOFS9ltVmKOHil5+Ml7gA=="
    },
    "lodash": {
      "version": "4.17.21",
      "resolved": "https://registry.npmjs.org/lodash/-/lodash-4.17.21.tgz",
      "integrity": "sha512-v2kDEe57lecTulaDIuNTPy3Ry4gLGJ6Z1O3vE1krgXZNrsQ+LFTGHVxVjcXPs17LhbZVGedAJv8XZ1tvj5FvSg=="
    },
    "mnemonist": {
      "version": "0.39.0",
      "resolved": "https://registry.npmjs.org/mnemonist/-/mnemonist-0.39.0.tgz",
      "integrity": "sha512-7v08Ldk1lnlywnIShqfKYN7EW4WKLUnkoWApdmR47N1xA2xmEtWERfEvyRCepbuFCETG5OnfaGQpp/p4Bus6ZQ==",
      "requires": {
        "obliterator": "^2.0.1"
      }
    },
    "obliterator": {
      "version": "2.0.1",
      "resolved": "https://registry.npmjs.org/obliterator/-/obliterator-2.0.1.tgz",
      "integrity": "sha512-XnkiCrrBcIZQitJPAI36mrrpEUvatbte8hLcTcQwKA1v9NkCKasSi+UAguLsLDs/out7MoRzAlmz7VXvY6ph6w=="
    }
  }
}
